// !$*UTF8*$!
{
	archiveVersion = 1;
	classes = {
	};
	objectVersion = 46;
	objects = {

/* Begin PBXBuildFile section */
		18046A3017866FCB009813D8 /* LoginResultViewController.m in Sources */ = {isa = PBXBuildFile; fileRef = 18046A2F17866FCB009813D8 /* LoginResultViewController.m */; };
		18060523177C2E1500BD690D /* BookDetailViewController.m in Sources */ = {isa = PBXBuildFile; fileRef = 18060522177C2E1500BD690D /* BookDetailViewController.m */; };
		18081485177D8E0A001E5506 /* resBookViewController.m in Sources */ = {isa = PBXBuildFile; fileRef = 18081484177D8E0A001E5506 /* resBookViewController.m */; };
		180B00281783D6B70071E12D /* switchController.m in Sources */ = {isa = PBXBuildFile; fileRef = 180B00271783D6B70071E12D /* switchController.m */; };
		180B002B1783DB790071E12D /* loginViewController.m in Sources */ = {isa = PBXBuildFile; fileRef = 180B002A1783DB790071E12D /* loginViewController.m */; };
		180B002E1783FF380071E12D /* MBProgressHUD.m in Sources */ = {isa = PBXBuildFile; fileRef = 180B002D1783FF380071E12D /* MBProgressHUD.m */; };
		180B8C6C177E7703006E553B /* QuartzCore.framework in Frameworks */ = {isa = PBXBuildFile; fileRef = 180B8C6B177E7703006E553B /* QuartzCore.framework */; };
		180C05AB1786C3A00042ACFE /* AboutViewController.m in Sources */ = {isa = PBXBuildFile; fileRef = 180C05A61786C3A00042ACFE /* AboutViewController.m */; };
		180C05AC1786C3A00042ACFE /* opentime.png in Resources */ = {isa = PBXBuildFile; fileRef = 180C05A71786C3A00042ACFE /* opentime.png */; };
		180C05AD1786C3A00042ACFE /* OpenTimeViewController.m in Sources */ = {isa = PBXBuildFile; fileRef = 180C05A91786C3A00042ACFE /* OpenTimeViewController.m */; };
		180C05AE1786C3A00042ACFE /* OpenTimeViewController.xib in Resources */ = {isa = PBXBuildFile; fileRef = 180C05AA1786C3A00042ACFE /* OpenTimeViewController.xib */; };
		9053DE911786CFAC0015E837 /* NewsViewController.m in Sources */ = {isa = PBXBuildFile; fileRef = 9053DE901786CFAC0015E837 /* NewsViewController.m */; };
		913BD8F8175494E400145B80 /* UIKit.framework in Frameworks */ = {isa = PBXBuildFile; fileRef = 913BD8F7175494E400145B80 /* UIKit.framework */; };
		913BD8FA175494E400145B80 /* Foundation.framework in Frameworks */ = {isa = PBXBuildFile; fileRef = 913BD8F9175494E400145B80 /* Foundation.framework */; };
		913BD8FC175494E400145B80 /* CoreGraphics.framework in Frameworks */ = {isa = PBXBuildFile; fileRef = 913BD8FB175494E400145B80 /* CoreGraphics.framework */; };
		913BD902175494E400145B80 /* InfoPlist.strings in Resources */ = {isa = PBXBuildFile; fileRef = 913BD900175494E400145B80 /* InfoPlist.strings */; };
		913BD904175494E400145B80 /* main.m in Sources */ = {isa = PBXBuildFile; fileRef = 913BD903175494E400145B80 /* main.m */; };
		913BD908175494E400145B80 /* AppDelegate.m in Sources */ = {isa = PBXBuildFile; fileRef = 913BD907175494E400145B80 /* AppDelegate.m */; };
		913BD90A175494E400145B80 /* Default.png in Resources */ = {isa = PBXBuildFile; fileRef = 913BD909175494E400145B80 /* Default.png */; };
		913BD90C175494E400145B80 /* Default@2x.png in Resources */ = {isa = PBXBuildFile; fileRef = 913BD90B175494E400145B80 /* Default@2x.png */; };
		913BD90E175494E400145B80 /* Default-568h@2x.png in Resources */ = {isa = PBXBuildFile; fileRef = 913BD90D175494E400145B80 /* Default-568h@2x.png */; };
		913BD9161754963D00145B80 /* MainViewController.m in Sources */ = {isa = PBXBuildFile; fileRef = 913BD9151754963D00145B80 /* MainViewController.m */; };
		913BD91F1754A5DE00145B80 /* TFHpple.m in Sources */ = {isa = PBXBuildFile; fileRef = 913BD91C1754A5DE00145B80 /* TFHpple.m */; };
		913BD9201754A5DE00145B80 /* TFHppleElement.m in Sources */ = {isa = PBXBuildFile; fileRef = 913BD91E1754A5DE00145B80 /* TFHppleElement.m */; };
		913BD9231754A61000145B80 /* XPathQuery.m in Sources */ = {isa = PBXBuildFile; fileRef = 913BD9221754A61000145B80 /* XPathQuery.m */; };
		913BD9291754A80300145B80 /* libxml2.2.dylib in Frameworks */ = {isa = PBXBuildFile; fileRef = 913BD9281754A80300145B80 /* libxml2.2.dylib */; };
		913BD92C17587BFC00145B80 /* SearchResultViewController.m in Sources */ = {isa = PBXBuildFile; fileRef = 913BD92B17587BFC00145B80 /* SearchResultViewController.m */; };
/* End PBXBuildFile section */

/* Begin PBXFileReference section */
		18046A2E17866FCB009813D8 /* LoginResultViewController.h */ = {isa = PBXFileReference; fileEncoding = 4; lastKnownFileType = sourcecode.c.h; path = LoginResultViewController.h; sourceTree = "<group>"; };
		18046A2F17866FCB009813D8 /* LoginResultViewController.m */ = {isa = PBXFileReference; fileEncoding = 4; lastKnownFileType = sourcecode.c.objc; path = LoginResultViewController.m; sourceTree = "<group>"; };
		18060521177C2E1500BD690D /* BookDetailViewController.h */ = {isa = PBXFileReference; fileEncoding = 4; lastKnownFileType = sourcecode.c.h; path = BookDetailViewController.h; sourceTree = "<group>"; };
		18060522177C2E1500BD690D /* BookDetailViewController.m */ = {isa = PBXFileReference; fileEncoding = 4; lastKnownFileType = sourcecode.c.objc; path = BookDetailViewController.m; sourceTree = "<group>"; };
		18081483177D8E0A001E5506 /* resBookViewController.h */ = {isa = PBXFileReference; fileEncoding = 4; lastKnownFileType = sourcecode.c.h; path = resBookViewController.h; sourceTree = "<group>"; };
		18081484177D8E0A001E5506 /* resBookViewController.m */ = {isa = PBXFileReference; fileEncoding = 4; lastKnownFileType = sourcecode.c.objc; path = resBookViewController.m; sourceTree = "<group>"; };
		180B00261783D6B70071E12D /* switchController.h */ = {isa = PBXFileReference; fileEncoding = 4; lastKnownFileType = sourcecode.c.h; path = switchController.h; sourceTree = "<group>"; };
		180B00271783D6B70071E12D /* switchController.m */ = {isa = PBXFileReference; fileEncoding = 4; lastKnownFileType = sourcecode.c.objc; path = switchController.m; sourceTree = "<group>"; };
		180B00291783DB790071E12D /* loginViewController.h */ = {isa = PBXFileReference; fileEncoding = 4; lastKnownFileType = sourcecode.c.h; path = loginViewController.h; sourceTree = "<group>"; };
		180B002A1783DB790071E12D /* loginViewController.m */ = {isa = PBXFileReference; fileEncoding = 4; lastKnownFileType = sourcecode.c.objc; path = loginViewController.m; sourceTree = "<group>"; };
		180B002C1783FF380071E12D /* MBProgressHUD.h */ = {isa = PBXFileReference; fileEncoding = 4; lastKnownFileType = sourcecode.c.h; path = MBProgressHUD.h; sourceTree = "<group>"; };
		180B002D1783FF380071E12D /* MBProgressHUD.m */ = {isa = PBXFileReference; fileEncoding = 4; lastKnownFileType = sourcecode.c.objc; path = MBProgressHUD.m; sourceTree = "<group>"; };
		180B8C6B177E7703006E553B /* QuartzCore.framework */ = {isa = PBXFileReference; lastKnownFileType = wrapper.framework; name = QuartzCore.framework; path = System/Library/Frameworks/QuartzCore.framework; sourceTree = SDKROOT; };
		180C05A51786C3A00042ACFE /* AboutViewController.h */ = {isa = PBXFileReference; fileEncoding = 4; lastKnownFileType = sourcecode.c.h; path = AboutViewController.h; sourceTree = "<group>"; };
		180C05A61786C3A00042ACFE /* AboutViewController.m */ = {isa = PBXFileReference; fileEncoding = 4; lastKnownFileType = sourcecode.c.objc; path = AboutViewController.m; sourceTree = "<group>"; };
		180C05A71786C3A00042ACFE /* opentime.png */ = {isa = PBXFileReference; lastKnownFileType = image.png; path = opentime.png; sourceTree = "<group>"; };
		180C05A81786C3A00042ACFE /* OpenTimeViewController.h */ = {isa = PBXFileReference; fileEncoding = 4; lastKnownFileType = sourcecode.c.h; path = OpenTimeViewController.h; sourceTree = "<group>"; };
		180C05A91786C3A00042ACFE /* OpenTimeViewController.m */ = {isa = PBXFileReference; fileEncoding = 4; lastKnownFileType = sourcecode.c.objc; path = OpenTimeViewController.m; sourceTree = "<group>"; };
		180C05AA1786C3A00042ACFE /* OpenTimeViewController.xib */ = {isa = PBXFileReference; fileEncoding = 4; lastKnownFileType = file.xib; path = OpenTimeViewController.xib; sourceTree = "<group>"; };
		9053DE8F1786CFAC0015E837 /* NewsViewController.h */ = {isa = PBXFileReference; fileEncoding = 4; lastKnownFileType = sourcecode.c.h; path = NewsViewController.h; sourceTree = "<group>"; };
		9053DE901786CFAC0015E837 /* NewsViewController.m */ = {isa = PBXFileReference; fileEncoding = 4; lastKnownFileType = sourcecode.c.objc; path = NewsViewController.m; sourceTree = "<group>"; };
		913BD8F4175494E400145B80 /* library.app */ = {isa = PBXFileReference; explicitFileType = wrapper.application; includeInIndex = 0; path = library.app; sourceTree = BUILT_PRODUCTS_DIR; };
		913BD8F7175494E400145B80 /* UIKit.framework */ = {isa = PBXFileReference; lastKnownFileType = wrapper.framework; name = UIKit.framework; path = System/Library/Frameworks/UIKit.framework; sourceTree = SDKROOT; };
		913BD8F9175494E400145B80 /* Foundation.framework */ = {isa = PBXFileReference; lastKnownFileType = wrapper.framework; name = Foundation.framework; path = System/Library/Frameworks/Foundation.framework; sourceTree = SDKROOT; };
		913BD8FB175494E400145B80 /* CoreGraphics.framework */ = {isa = PBXFileReference; lastKnownFileType = wrapper.framework; name = CoreGraphics.framework; path = System/Library/Frameworks/CoreGraphics.framework; sourceTree = SDKROOT; };
		913BD8FF175494E400145B80 /* library-Info.plist */ = {isa = PBXFileReference; lastKnownFileType = text.plist.xml; path = "library-Info.plist"; sourceTree = "<group>"; };
		913BD901175494E400145B80 /* en */ = {isa = PBXFileReference; lastKnownFileType = text.plist.strings; name = en; path = en.lproj/InfoPlist.strings; sourceTree = "<group>"; };
		913BD903175494E400145B80 /* main.m */ = {isa = PBXFileReference; lastKnownFileType = sourcecode.c.objc; path = main.m; sourceTree = "<group>"; };
		913BD905175494E400145B80 /* library-Prefix.pch */ = {isa = PBXFileReference; lastKnownFileType = sourcecode.c.h; path = "library-Prefix.pch"; sourceTree = "<group>"; };
		913BD906175494E400145B80 /* AppDelegate.h */ = {isa = PBXFileReference; lastKnownFileType = sourcecode.c.h; path = AppDelegate.h; sourceTree = "<group>"; };
		913BD907175494E400145B80 /* AppDelegate.m */ = {isa = PBXFileReference; lastKnownFileType = sourcecode.c.objc; path = AppDelegate.m; sourceTree = "<group>"; };
		913BD909175494E400145B80 /* Default.png */ = {isa = PBXFileReference; lastKnownFileType = image.png; path = Default.png; sourceTree = "<group>"; };
		913BD90B175494E400145B80 /* Default@2x.png */ = {isa = PBXFileReference; lastKnownFileType = image.png; path = "Default@2x.png"; sourceTree = "<group>"; };
		913BD90D175494E400145B80 /* Default-568h@2x.png */ = {isa = PBXFileReference; lastKnownFileType = image.png; path = "Default-568h@2x.png"; sourceTree = "<group>"; };
		913BD9141754963D00145B80 /* MainViewController.h */ = {isa = PBXFileReference; fileEncoding = 4; lastKnownFileType = sourcecode.c.h; path = MainViewController.h; sourceTree = "<group>"; };
		913BD9151754963D00145B80 /* MainViewController.m */ = {isa = PBXFileReference; fileEncoding = 4; lastKnownFileType = sourcecode.c.objc; path = MainViewController.m; sourceTree = "<group>"; };
		913BD91B1754A5DE00145B80 /* TFHpple.h */ = {isa = PBXFileReference; fileEncoding = 4; lastKnownFileType = sourcecode.c.h; path = TFHpple.h; sourceTree = "<group>"; };
		913BD91C1754A5DE00145B80 /* TFHpple.m */ = {isa = PBXFileReference; fileEncoding = 4; lastKnownFileType = sourcecode.c.objc; path = TFHpple.m; sourceTree = "<group>"; };
		913BD91D1754A5DE00145B80 /* TFHppleElement.h */ = {isa = PBXFileReference; fileEncoding = 4; lastKnownFileType = sourcecode.c.h; path = TFHppleElement.h; sourceTree = "<group>"; };
		913BD91E1754A5DE00145B80 /* TFHppleElement.m */ = {isa = PBXFileReference; fileEncoding = 4; lastKnownFileType = sourcecode.c.objc; path = TFHppleElement.m; sourceTree = "<group>"; };
		913BD9211754A61000145B80 /* XPathQuery.h */ = {isa = PBXFileReference; fileEncoding = 4; lastKnownFileType = sourcecode.c.h; path = XPathQuery.h; sourceTree = "<group>"; };
		913BD9221754A61000145B80 /* XPathQuery.m */ = {isa = PBXFileReference; fileEncoding = 4; lastKnownFileType = sourcecode.c.objc; path = XPathQuery.m; sourceTree = "<group>"; };
		913BD9281754A80300145B80 /* libxml2.2.dylib */ = {isa = PBXFileReference; lastKnownFileType = "compiled.mach-o.dylib"; name = libxml2.2.dylib; path = usr/lib/libxml2.2.dylib; sourceTree = SDKROOT; };
		913BD92A17587BFC00145B80 /* SearchResultViewController.h */ = {isa = PBXFileReference; fileEncoding = 4; lastKnownFileType = sourcecode.c.h; path = SearchResultViewController.h; sourceTree = "<group>"; };
		913BD92B17587BFC00145B80 /* SearchResultViewController.m */ = {isa = PBXFileReference; fileEncoding = 4; lastKnownFileType = sourcecode.c.objc; path = SearchResultViewController.m; sourceTree = "<group>"; };
/* End PBXFileReference section */

/* Begin PBXFrameworksBuildPhase section */
		913BD8F1175494E400145B80 /* Frameworks */ = {
			isa = PBXFrameworksBuildPhase;
			buildActionMask = 2147483647;
			files = (
				180B8C6C177E7703006E553B /* QuartzCore.framework in Frameworks */,
				913BD9291754A80300145B80 /* libxml2.2.dylib in Frameworks */,
				913BD8F8175494E400145B80 /* UIKit.framework in Frameworks */,
				913BD8FA175494E400145B80 /* Foundation.framework in Frameworks */,
				913BD8FC175494E400145B80 /* CoreGraphics.framework in Frameworks */,
			);
			runOnlyForDeploymentPostprocessing = 0;
		};
/* End PBXFrameworksBuildPhase section */

/* Begin PBXGroup section */
		18046A3117867004009813D8 /* Search */ = {
			isa = PBXGroup;
			children = (
				913BD9141754963D00145B80 /* MainViewController.h */,
				913BD9151754963D00145B80 /* MainViewController.m */,
				913BD92A17587BFC00145B80 /* SearchResultViewController.h */,
				913BD92B17587BFC00145B80 /* SearchResultViewController.m */,
				18060521177C2E1500BD690D /* BookDetailViewController.h */,
				18060522177C2E1500BD690D /* BookDetailViewController.m */,
				18081483177D8E0A001E5506 /* resBookViewController.h */,
				18081484177D8E0A001E5506 /* resBookViewController.m */,
			);
			name = Search;
			sourceTree = "<group>";
		};
		18046A3217867028009813D8 /* Login */ = {
			isa = PBXGroup;
			children = (
				180B00291783DB790071E12D /* loginViewController.h */,
				180B002A1783DB790071E12D /* loginViewController.m */,
				18046A2E17866FCB009813D8 /* LoginResultViewController.h */,
				18046A2F17866FCB009813D8 /* LoginResultViewController.m */,
			);
			name = Login;
			sourceTree = "<group>";
		};
		180C05A41786C3A00042ACFE /* about */ = {
			isa = PBXGroup;
			children = (
				180C05A51786C3A00042ACFE /* AboutViewController.h */,
				180C05A61786C3A00042ACFE /* AboutViewController.m */,
				180C05A71786C3A00042ACFE /* opentime.png */,
				180C05A81786C3A00042ACFE /* OpenTimeViewController.h */,
				180C05A91786C3A00042ACFE /* OpenTimeViewController.m */,
				180C05AA1786C3A00042ACFE /* OpenTimeViewController.xib */,
				9053DE8F1786CFAC0015E837 /* NewsViewController.h */,
				9053DE901786CFAC0015E837 /* NewsViewController.m */,
			);
			path = about;
			sourceTree = "<group>";
		};
		913BD8EB175494E400145B80 = {
			isa = PBXGroup;
			children = (
				180B8C6B177E7703006E553B /* QuartzCore.framework */,
				913BD9281754A80300145B80 /* libxml2.2.dylib */,
				913BD8FD175494E400145B80 /* library */,
				913BD8F6175494E400145B80 /* Frameworks */,
				913BD8F5175494E400145B80 /* Products */,
			);
			sourceTree = "<group>";
		};
		913BD8F5175494E400145B80 /* Products */ = {
			isa = PBXGroup;
			children = (
				913BD8F4175494E400145B80 /* library.app */,
			);
			name = Products;
			sourceTree = "<group>";
		};
		913BD8F6175494E400145B80 /* Frameworks */ = {
			isa = PBXGroup;
			children = (
				913BD8F7175494E400145B80 /* UIKit.framework */,
				913BD8F9175494E400145B80 /* Foundation.framework */,
				913BD8FB175494E400145B80 /* CoreGraphics.framework */,
			);
			name = Frameworks;
			sourceTree = "<group>";
		};
		913BD8FD175494E400145B80 /* library */ = {
			isa = PBXGroup;
			children = (
				913BD9211754A61000145B80 /* XPathQuery.h */,
				913BD9221754A61000145B80 /* XPathQuery.m */,
				913BD91B1754A5DE00145B80 /* TFHpple.h */,
				913BD91C1754A5DE00145B80 /* TFHpple.m */,
				913BD91D1754A5DE00145B80 /* TFHppleElement.h */,
				913BD91E1754A5DE00145B80 /* TFHppleElement.m */,
				913BD906175494E400145B80 /* AppDelegate.h */,
				913BD907175494E400145B80 /* AppDelegate.m */,
				180B002C1783FF380071E12D /* MBProgressHUD.h */,
				180B002D1783FF380071E12D /* MBProgressHUD.m */,
				180B00261783D6B70071E12D /* switchController.h */,
				180B00271783D6B70071E12D /* switchController.m */,
				180C05A41786C3A00042ACFE /* about */,
				18046A3117867004009813D8 /* Search */,
				18046A3217867028009813D8 /* Login */,
				913BD8FE175494E400145B80 /* Supporting Files */,
			);
			path = library;
			sourceTree = "<group>";
		};
		913BD8FE175494E400145B80 /* Supporting Files */ = {
			isa = PBXGroup;
			children = (
				913BD8FF175494E400145B80 /* library-Info.plist */,
				913BD900175494E400145B80 /* InfoPlist.strings */,
				913BD903175494E400145B80 /* main.m */,
				913BD905175494E400145B80 /* library-Prefix.pch */,
				913BD909175494E400145B80 /* Default.png */,
				913BD90B175494E400145B80 /* Default@2x.png */,
				913BD90D175494E400145B80 /* Default-568h@2x.png */,
			);
			name = "Supporting Files";
			sourceTree = "<group>";
		};
/* End PBXGroup section */

/* Begin PBXNativeTarget section */
		913BD8F3175494E400145B80 /* library */ = {
			isa = PBXNativeTarget;
			buildConfigurationList = 913BD911175494E400145B80 /* Build configuration list for PBXNativeTarget "library" */;
			buildPhases = (
				913BD8F0175494E400145B80 /* Sources */,
				913BD8F1175494E400145B80 /* Frameworks */,
				913BD8F2175494E400145B80 /* Resources */,
			);
			buildRules = (
			);
			dependencies = (
			);
			name = library;
			productName = library;
			productReference = 913BD8F4175494E400145B80 /* library.app */;
			productType = "com.apple.product-type.application";
		};
/* End PBXNativeTarget section */

/* Begin PBXProject section */
		913BD8EC175494E400145B80 /* Project object */ = {
			isa = PBXProject;
			attributes = {
				LastUpgradeCheck = 0460;
				ORGANIZATIONNAME = NTOUcs_MAC;
			};
			buildConfigurationList = 913BD8EF175494E400145B80 /* Build configuration list for PBXProject "library" */;
			compatibilityVersion = "Xcode 3.2";
			developmentRegion = English;
			hasScannedForEncodings = 0;
			knownRegions = (
				en,
			);
			mainGroup = 913BD8EB175494E400145B80;
			productRefGroup = 913BD8F5175494E400145B80 /* Products */;
			projectDirPath = "";
			projectRoot = "";
			targets = (
				913BD8F3175494E400145B80 /* library */,
			);
		};
/* End PBXProject section */

/* Begin PBXResourcesBuildPhase section */
		913BD8F2175494E400145B80 /* Resources */ = {
			isa = PBXResourcesBuildPhase;
			buildActionMask = 2147483647;
			files = (
				913BD902175494E400145B80 /* InfoPlist.strings in Resources */,
				913BD90A175494E400145B80 /* Default.png in Resources */,
				913BD90C175494E400145B80 /* Default@2x.png in Resources */,
				913BD90E175494E400145B80 /* Default-568h@2x.png in Resources */,
				180C05AC1786C3A00042ACFE /* opentime.png in Resources */,
				180C05AE1786C3A00042ACFE /* OpenTimeViewController.xib in Resources */,
			);
			runOnlyForDeploymentPostprocessing = 0;
		};
/* End PBXResourcesBuildPhase section */

/* Begin PBXSourcesBuildPhase section */
		913BD8F0175494E400145B80 /* Sources */ = {
			isa = PBXSourcesBuildPhase;
			buildActionMask = 2147483647;
			files = (
				913BD904175494E400145B80 /* main.m in Sources */,
				913BD908175494E400145B80 /* AppDelegate.m in Sources */,
				913BD9161754963D00145B80 /* MainViewController.m in Sources */,
				913BD91F1754A5DE00145B80 /* TFHpple.m in Sources */,
				913BD9201754A5DE00145B80 /* TFHppleElement.m in Sources */,
				913BD9231754A61000145B80 /* XPathQuery.m in Sources */,
				913BD92C17587BFC00145B80 /* SearchResultViewController.m in Sources */,
				18060523177C2E1500BD690D /* BookDetailViewController.m in Sources */,
				18081485177D8E0A001E5506 /* resBookViewController.m in Sources */,
				180B00281783D6B70071E12D /* switchController.m in Sources */,
				180B002B1783DB790071E12D /* loginViewController.m in Sources */,
				180B002E1783FF380071E12D /* MBProgressHUD.m in Sources */,
				18046A3017866FCB009813D8 /* LoginResultViewController.m in Sources */,
				180C05AB1786C3A00042ACFE /* AboutViewController.m in Sources */,
				180C05AD1786C3A00042ACFE /* OpenTimeViewController.m in Sources */,
				9053DE911786CFAC0015E837 /* NewsViewController.m in Sources */,
			);
			runOnlyForDeploymentPostprocessing = 0;
		};
/* End PBXSourcesBuildPhase section */

/* Begin PBXVariantGroup section */
		913BD900175494E400145B80 /* InfoPlist.strings */ = {
			isa = PBXVariantGroup;
			children = (
				913BD901175494E400145B80 /* en */,
			);
			name = InfoPlist.strings;
			sourceTree = "<group>";
		};
/* End PBXVariantGroup section */

/* Begin XCBuildConfiguration section */
		913BD90F175494E400145B80 /* Debug */ = {
			isa = XCBuildConfiguration;
			buildSettings = {
				ALWAYS_SEARCH_USER_PATHS = NO;
				CLANG_CXX_LANGUAGE_STANDARD = "gnu++0x";
				CLANG_CXX_LIBRARY = "libc++";
				CLANG_WARN_CONSTANT_CONVERSION = YES;
				CLANG_WARN_EMPTY_BODY = YES;
				CLANG_WARN_ENUM_CONVERSION = YES;
				CLANG_WARN_INT_CONVERSION = YES;
				CLANG_WARN__DUPLICATE_METHOD_MATCH = YES;
				"CODE_SIGN_IDENTITY[sdk=iphoneos*]" = "iPhone Developer";
				COPY_PHASE_STRIP = NO;
				GCC_C_LANGUAGE_STANDARD = gnu99;
				GCC_DYNAMIC_NO_PIC = NO;
				GCC_OPTIMIZATION_LEVEL = 0;
				GCC_PREPROCESSOR_DEFINITIONS = (
					"DEBUG=1",
					"$(inherited)",
				);
				GCC_SYMBOLS_PRIVATE_EXTERN = NO;
				GCC_WARN_ABOUT_RETURN_TYPE = YES;
				GCC_WARN_UNINITIALIZED_AUTOS = YES;
				GCC_WARN_UNUSED_VARIABLE = YES;
				HEADER_SEARCH_PATHS = "${SDK_DIR}/usr/include/libxml2";
				IPHONEOS_DEPLOYMENT_TARGET = 6.1;
				ONLY_ACTIVE_ARCH = YES;
				OTHER_LDFLAGS = (
					"-all_load",
					"-ObjC",
				);
				SDKROOT = iphoneos;
			};
			name = Debug;
		};
		913BD910175494E400145B80 /* Release */ = {
			isa = XCBuildConfiguration;
			buildSettings = {
				ALWAYS_SEARCH_USER_PATHS = NO;
				CLANG_CXX_LANGUAGE_STANDARD = "gnu++0x";
				CLANG_CXX_LIBRARY = "libc++";
				CLANG_WARN_CONSTANT_CONVERSION = YES;
				CLANG_WARN_EMPTY_BODY = YES;
				CLANG_WARN_ENUM_CONVERSION = YES;
				CLANG_WARN_INT_CONVERSION = YES;
				CLANG_WARN__DUPLICATE_METHOD_MATCH = YES;
				"CODE_SIGN_IDENTITY[sdk=iphoneos*]" = "iPhone Developer";
				COPY_PHASE_STRIP = YES;
				GCC_C_LANGUAGE_STANDARD = gnu99;
				GCC_WARN_ABOUT_RETURN_TYPE = YES;
				GCC_WARN_UNINITIALIZED_AUTOS = YES;
				GCC_WARN_UNUSED_VARIABLE = YES;
				HEADER_SEARCH_PATHS = "${SDK_DIR}/usr/include/libxml2";
				IPHONEOS_DEPLOYMENT_TARGET = 6.1;
				OTHER_CFLAGS = "-DNS_BLOCK_ASSERTIONS=1";
				OTHER_LDFLAGS = (
					"-all_load",
					"-ObjC",
				);
				SDKROOT = iphoneos;
				VALIDATE_PRODUCT = YES;
			};
			name = Release;
		};
		913BD912175494E400145B80 /* Debug */ = {
			isa = XCBuildConfiguration;
			buildSettings = {
				FRAMEWORK_SEARCH_PATHS = "";
				GCC_PRECOMPILE_PREFIX_HEADER = YES;
				GCC_PREFIX_HEADER = "library/library-Prefix.pch";
				HEADER_SEARCH_PATHS = "${SDK_DIR}/usr/include/libxml2";
				INFOPLIST_FILE = "library/library-Info.plist";
				LIBRARY_SEARCH_PATHS = "";
				OTHER_LDFLAGS = (
					"-all_load",
					"-ObjC",
				);
				PRODUCT_NAME = "$(TARGET_NAME)";
				WRAPPER_EXTENSION = app;
			};
			name = Debug;
		};
		913BD913175494E400145B80 /* Release */ = {
			isa = XCBuildConfiguration;
			buildSettings = {
				FRAMEWORK_SEARCH_PATHS = "";
				GCC_PRECOMPILE_PREFIX_HEADER = YES;
				GCC_PREFIX_HEADER = "library/library-Prefix.pch";
				HEADER_SEARCH_PATHS = "${SDK_DIR}/usr/include/libxml2";
				INFOPLIST_FILE = "library/library-Info.plist";
				LIBRARY_SEARCH_PATHS = "";
				OTHER_LDFLAGS = (
					"-all_load",
					"-ObjC",
				);
				PRODUCT_NAME = "$(TARGET_NAME)";
				WRAPPER_EXTENSION = app;
			};
			name = Release;
		};
/* End XCBuildConfiguration section */

/* Begin XCConfigurationList section */
		913BD8EF175494E400145B80 /* Build configuration list for PBXProject "library" */ = {
			isa = XCConfigurationList;
			buildConfigurations = (
				913BD90F175494E400145B80 /* Debug */,
				913BD910175494E400145B80 /* Release */,
			);
			defaultConfigurationIsVisible = 0;
			defaultConfigurationName = Release;
		};
		913BD911175494E400145B80 /* Build configuration list for PBXNativeTarget "library" */ = {
			isa = XCConfigurationList;
			buildConfigurations = (
				913BD912175494E400145B80 /* Debug */,
				913BD913175494E400145B80 /* Release */,
			);
			defaultConfigurationIsVisible = 0;
			defaultConfigurationName = Release;
		};
/* End XCConfigurationList section */
	};
	rootObject = 913BD8EC175494E400145B80 /* Project object */;
}
